
Microsoft Visual Studio Solution File, Format Version 12.00
# Visual Studio Version 17
VisualStudioVersion = 17.0.31903.59
MinimumVisualStudioVersion = 10.0.40219.1
Project("{2150E333-8FDC-42A3-9474-1A3956D46DE8}") = "Domain", "Domain", "{D9189B11-0A93-4384-839F-E7D7359C6478}"
EndProject
Project("{FAE04EC0-301F-11D3-BF4B-00C04F79EFBC}") = "Company.Product.Domain.UseCases", "Domain\Company.Product.Domain.UseCases\Company.Product.Domain.UseCases.csproj", "{0C18CD3B-97D9-4EB5-B77C-B37BFD12E606}"
EndProject
Project("{2150E333-8FDC-42A3-9474-1A3956D46DE8}") = "Adapters", "Adapters", "{0429A8B8-DFB9-42E7-B889-AE3009D8ED43}"
EndProject
Project("{FAE04EC0-301F-11D3-BF4B-00C04F79EFBC}") = "Company.Product.Adapters.Rest", "Adapters\Company.Product.Adapters.Rest\Company.Product.Adapters.Rest.csproj", "{5521014A-4C68-40C0-9DE8-7AA50871F052}"
EndProject
Project("{FAE04EC0-301F-11D3-BF4B-00C04F79EFBC}") = "Company.Product.Domain.UseCases.Mocks", "Domain\Company.Product.Domain.UseCases.Mocks\Company.Product.Domain.UseCases.Mocks.csproj", "{00C6ADE4-191F-437B-BE2C-02612B63B893}"
EndProject
Project("{2150E333-8FDC-42A3-9474-1A3956D46DE8}") = "Applications", "Applications", "{D29CA249-4BFD-43D5-A690-BF13E68CADFF}"
EndProject
Project("{FAE04EC0-301F-11D3-BF4B-00C04F79EFBC}") = "Company.Product.Applications.Mocked", "Applications\Company.Product.Applications.Mocked\Company.Product.Applications.Mocked.csproj", "{31433234-5793-4DA3-88E8-995AD5304EF5}"
EndProject
Project("{FAE04EC0-301F-11D3-BF4B-00C04F79EFBC}") = "Company.Product.Adapters.Rest.Generated", "Adapters\Company.Product.Adapters.Rest.Generated\Company.Product.Adapters.Rest.Generated.csproj", "{055AA5BB-8FA4-4673-8AE1-424CF0376E61}"
EndProject
Global
	GlobalSection(SolutionConfigurationPlatforms) = preSolution
		Debug|Any CPU = Debug|Any CPU
		Release|Any CPU = Release|Any CPU
	EndGlobalSection
	GlobalSection(SolutionProperties) = preSolution
		HideSolutionNode = FALSE
	EndGlobalSection
	GlobalSection(ProjectConfigurationPlatforms) = postSolution
		{0C18CD3B-97D9-4EB5-B77C-B37BFD12E606}.Debug|Any CPU.ActiveCfg = Debug|Any CPU
		{0C18CD3B-97D9-4EB5-B77C-B37BFD12E606}.Debug|Any CPU.Build.0 = Debug|Any CPU
		{0C18CD3B-97D9-4EB5-B77C-B37BFD12E606}.Release|Any CPU.ActiveCfg = Release|Any CPU
		{0C18CD3B-97D9-4EB5-B77C-B37BFD12E606}.Release|Any CPU.Build.0 = Release|Any CPU
		{5521014A-4C68-40C0-9DE8-7AA50871F052}.Debug|Any CPU.ActiveCfg = Debug|Any CPU
		{5521014A-4C68-40C0-9DE8-7AA50871F052}.Debug|Any CPU.Build.0 = Debug|Any CPU
		{5521014A-4C68-40C0-9DE8-7AA50871F052}.Release|Any CPU.ActiveCfg = Release|Any CPU
		{5521014A-4C68-40C0-9DE8-7AA50871F052}.Release|Any CPU.Build.0 = Release|Any CPU
		{00C6ADE4-191F-437B-BE2C-02612B63B893}.Debug|Any CPU.ActiveCfg = Debug|Any CPU
		{00C6ADE4-191F-437B-BE2C-02612B63B893}.Debug|Any CPU.Build.0 = Debug|Any CPU
		{00C6ADE4-191F-437B-BE2C-02612B63B893}.Release|Any CPU.ActiveCfg = Release|Any CPU
		{00C6ADE4-191F-437B-BE2C-02612B63B893}.Release|Any CPU.Build.0 = Release|Any CPU
		{31433234-5793-4DA3-88E8-995AD5304EF5}.Debug|Any CPU.ActiveCfg = Debug|Any CPU
		{31433234-5793-4DA3-88E8-995AD5304EF5}.Debug|Any CPU.Build.0 = Debug|Any CPU
		{31433234-5793-4DA3-88E8-995AD5304EF5}.Release|Any CPU.ActiveCfg = Release|Any CPU
		{31433234-5793-4DA3-88E8-995AD5304EF5}.Release|Any CPU.Build.0 = Release|Any CPU
		{055AA5BB-8FA4-4673-8AE1-424CF0376E61}.Debug|Any CPU.ActiveCfg = Debug|Any CPU
		{055AA5BB-8FA4-4673-8AE1-424CF0376E61}.Debug|Any CPU.Build.0 = Debug|Any CPU
		{055AA5BB-8FA4-4673-8AE1-424CF0376E61}.Release|Any CPU.ActiveCfg = Release|Any CPU
		{055AA5BB-8FA4-4673-8AE1-424CF0376E61}.Release|Any CPU.Build.0 = Release|Any CPU
	EndGlobalSection
	GlobalSection(NestedProjects) = preSolution
		{0C18CD3B-97D9-4EB5-B77C-B37BFD12E606} = {D9189B11-0A93-4384-839F-E7D7359C6478}
		{5521014A-4C68-40C0-9DE8-7AA50871F052} = {0429A8B8-DFB9-42E7-B889-AE3009D8ED43}
		{00C6ADE4-191F-437B-BE2C-02612B63B893} = {D9189B11-0A93-4384-839F-E7D7359C6478}
		{31433234-5793-4DA3-88E8-995AD5304EF5} = {D29CA249-4BFD-43D5-A690-BF13E68CADFF}
		{055AA5BB-8FA4-4673-8AE1-424CF0376E61} = {0429A8B8-DFB9-42E7-B889-AE3009D8ED43}
	EndGlobalSection
EndGlobal
